// !$*UTF8*$!
{
	archiveVersion = 1;
	classes = {
	};
	objectVersion = 46;
	objects = {

/* Begin PBXBuildFile section */
		81D09CD61D5C9F8500DF959D /* main.m in Sources */ = {isa = PBXBuildFile; fileRef = 81D09CD51D5C9F8500DF959D /* main.m */; };
		81D09CD91D5C9F8500DF959D /* AppDelegate.m in Sources */ = {isa = PBXBuildFile; fileRef = 81D09CD81D5C9F8500DF959D /* AppDelegate.m */; };
		81D09CDC1D5C9F8500DF959D /* ViewController.m in Sources */ = {isa = PBXBuildFile; fileRef = 81D09CDB1D5C9F8500DF959D /* ViewController.m */; };
		81D09CDF1D5C9F8500DF959D /* Main.storyboard in Resources */ = {isa = PBXBuildFile; fileRef = 81D09CDD1D5C9F8500DF959D /* Main.storyboard */; };
		81D09CE11D5C9F8500DF959D /* Assets.xcassets in Resources */ = {isa = PBXBuildFile; fileRef = 81D09CE01D5C9F8500DF959D /* Assets.xcassets */; };
		81D09CE41D5C9F8500DF959D /* LaunchScreen.storyboard in Resources */ = {isa = PBXBuildFile; fileRef = 81D09CE21D5C9F8500DF959D /* LaunchScreen.storyboard */; };
		81D09CEE1D5C9FCD00DF959D /* ObserverPattern.m in Sources */ = {isa = PBXBuildFile; fileRef = 81D09CED1D5C9FCD00DF959D /* ObserverPattern.m */; };
		81D09CFA1D5CC1C700DF959D /* RandomGenerator.m in Sources */ = {isa = PBXBuildFile; fileRef = 81D09CF91D5CC1C700DF959D /* RandomGenerator.m */; };
/* End PBXBuildFile section */

/* Begin PBXFileReference section */
		81D09CD11D5C9F8500DF959D /* observer_pattern.app */ = {isa = PBXFileReference; explicitFileType = wrapper.application; includeInIndex = 0; path = observer_pattern.app; sourceTree = BUILT_PRODUCTS_DIR; };
		81D09CD51D5C9F8500DF959D /* main.m */ = {isa = PBXFileReference; lastKnownFileType = sourcecode.c.objc; path = main.m; sourceTree = "<group>"; };
		81D09CD71D5C9F8500DF959D /* AppDelegate.h */ = {isa = PBXFileReference; lastKnownFileType = sourcecode.c.h; path = AppDelegate.h; sourceTree = "<group>"; };
		81D09CD81D5C9F8500DF959D /* AppDelegate.m */ = {isa = PBXFileReference; lastKnownFileType = sourcecode.c.objc; path = AppDelegate.m; sourceTree = "<group>"; };
		81D09CDA1D5C9F8500DF959D /* ViewController.h */ = {isa = PBXFileReference; lastKnownFileType = sourcecode.c.h; path = ViewController.h; sourceTree = "<group>"; };
		81D09CDB1D5C9F8500DF959D /* ViewController.m */ = {isa = PBXFileReference; lastKnownFileType = sourcecode.c.objc; path = ViewController.m; sourceTree = "<group>"; };
		81D09CDE1D5C9F8500DF959D /* Base */ = {isa = PBXFileReference; lastKnownFileType = file.storyboard; name = Base; path = Base.lproj/Main.storyboard; sourceTree = "<group>"; };
		81D09CE01D5C9F8500DF959D /* Assets.xcassets */ = {isa = PBXFileReference; lastKnownFileType = folder.assetcatalog; path = Assets.xcassets; sourceTree = "<group>"; };
		81D09CE31D5C9F8500DF959D /* Base */ = {isa = PBXFileReference; lastKnownFileType = file.storyboard; name = Base; path = Base.lproj/LaunchScreen.storyboard; sourceTree = "<group>"; };
		81D09CE51D5C9F8500DF959D /* Info.plist */ = {isa = PBXFileReference; lastKnownFileType = text.plist.xml; path = Info.plist; sourceTree = "<group>"; };
		81D09CEC1D5C9FB100DF959D /* ObserverPattern.h */ = {isa = PBXFileReference; lastKnownFileType = sourcecode.c.h; path = ObserverPattern.h; sourceTree = "<group>"; };
		81D09CED1D5C9FCD00DF959D /* ObserverPattern.m */ = {isa = PBXFileReference; fileEncoding = 4; lastKnownFileType = sourcecode.c.objc; path = ObserverPattern.m; sourceTree = "<group>"; };
		81D09CF81D5CC1C700DF959D /* RandomGenerator.h */ = {isa = PBXFileReference; fileEncoding = 4; lastKnownFileType = sourcecode.c.h; path = RandomGenerator.h; sourceTree = "<group>"; };
		81D09CF91D5CC1C700DF959D /* RandomGenerator.m */ = {isa = PBXFileReference; fileEncoding = 4; lastKnownFileType = sourcecode.c.objc; path = RandomGenerator.m; sourceTree = "<group>"; };
/* End PBXFileReference section */

/* Begin PBXFrameworksBuildPhase section */
		81D09CCE1D5C9F8500DF959D /* Frameworks */ = {
			isa = PBXFrameworksBuildPhase;
			buildActionMask = 2147483647;
			files = (
			);
			runOnlyForDeploymentPostprocessing = 0;
		};
/* End PBXFrameworksBuildPhase section */

/* Begin PBXGroup section */
		81D09CC81D5C9F8500DF959D = {
			isa = PBXGroup;
			children = (
				81D09CD31D5C9F8500DF959D /* observer_pattern */,
				81D09CD21D5C9F8500DF959D /* Products */,
			);
			sourceTree = "<group>";
		};
		81D09CD21D5C9F8500DF959D /* Products */ = {
			isa = PBXGroup;
			children = (
				81D09CD11D5C9F8500DF959D /* observer_pattern.app */,
			);
			name = Products;
			sourceTree = "<group>";
		};
		81D09CD31D5C9F8500DF959D /* observer_pattern */ = {
			isa = PBXGroup;
			children = (
				81D09CEB1D5C9F9600DF959D /* Model */,
				81D09CD71D5C9F8500DF959D /* AppDelegate.h */,
				81D09CD81D5C9F8500DF959D /* AppDelegate.m */,
				81D09CDA1D5C9F8500DF959D /* ViewController.h */,
				81D09CDB1D5C9F8500DF959D /* ViewController.m */,
				81D09CDD1D5C9F8500DF959D /* Main.storyboard */,
				81D09CE01D5C9F8500DF959D /* Assets.xcassets */,
				81D09CE21D5C9F8500DF959D /* LaunchScreen.storyboard */,
				81D09CE51D5C9F8500DF959D /* Info.plist */,
				81D09CD41D5C9F8500DF959D /* Supporting Files */,
			);
			path = observer_pattern;
			sourceTree = "<group>";
		};
		81D09CD41D5C9F8500DF959D /* Supporting Files */ = {
			isa = PBXGroup;
			children = (
				81D09CD51D5C9F8500DF959D /* main.m */,
			);
			name = "Supporting Files";
			sourceTree = "<group>";
		};
		81D09CEB1D5C9F9600DF959D /* Model */ = {
			isa = PBXGroup;
			children = (
				81D09CF81D5CC1C700DF959D /* RandomGenerator.h */,
				81D09CF91D5CC1C700DF959D /* RandomGenerator.m */,
				81D09CEC1D5C9FB100DF959D /* ObserverPattern.h */,
				81D09CED1D5C9FCD00DF959D /* ObserverPattern.m */,
			);
			name = Model;
			sourceTree = "<group>";
		};
/* End PBXGroup section */

/* Begin PBXNativeTarget section */
		81D09CD01D5C9F8500DF959D /* observer_pattern */ = {
			isa = PBXNativeTarget;
			buildConfigurationList = 81D09CE81D5C9F8500DF959D /* Build configuration list for PBXNativeTarget "observer_pattern" */;
			buildPhases = (
				81D09CCD1D5C9F8500DF959D /* Sources */,
				81D09CCE1D5C9F8500DF959D /* Frameworks */,
				81D09CCF1D5C9F8500DF959D /* Resources */,
			);
			buildRules = (
			);
			dependencies = (
			);
			name = observer_pattern;
			productName = observer_pattern;
			productReference = 81D09CD11D5C9F8500DF959D /* observer_pattern.app */;
			productType = "com.apple.product-type.application";
		};
/* End PBXNativeTarget section */

/* Begin PBXProject section */
		81D09CC91D5C9F8500DF959D /* Project object */ = {
			isa = PBXProject;
			attributes = {
				LastUpgradeCheck = 0730;
				ORGANIZATIONNAME = "Dmitriy Arkhipov";
				TargetAttributes = {
					81D09CD01D5C9F8500DF959D = {
						CreatedOnToolsVersion = 7.3.1;
					};
				};
			};
			buildConfigurationList = 81D09CCC1D5C9F8500DF959D /* Build configuration list for PBXProject "observer_pattern" */;
			compatibilityVersion = "Xcode 3.2";
			developmentRegion = English;
			hasScannedForEncodings = 0;
			knownRegions = (
				en,
				Base,
			);
			mainGroup = 81D09CC81D5C9F8500DF959D;
			productRefGroup = 81D09CD21D5C9F8500DF959D /* Products */;
			projectDirPath = "";
			projectRoot = "";
			targets = (
				81D09CD01D5C9F8500DF959D /* observer_pattern */,
			);
		};
/* End PBXProject section */

/* Begin PBXResourcesBuildPhase section */
		81D09CCF1D5C9F8500DF959D /* Resources */ = {
			isa = PBXResourcesBuildPhase;
			buildActionMask = 2147483647;
			files = (
				81D09CE41D5C9F8500DF959D /* LaunchScreen.storyboard in Resources */,
				81D09CE11D5C9F8500DF959D /* Assets.xcassets in Resources */,
				81D09CDF1D5C9F8500DF959D /* Main.storyboard in Resources */,
			);
			runOnlyForDeploymentPostprocessing = 0;
		};
/* End PBXResourcesBuildPhase section */

/* Begin PBXSourcesBuildPhase section */
		81D09CCD1D5C9F8500DF959D /* Sources */ = {
			isa = PBXSourcesBuildPhase;
			buildActionMask = 2147483647;
			files = (
				81D09CDC1D5C9F8500DF959D /* ViewController.m in Sources */,
				81D09CD91D5C9F8500DF959D /* AppDelegate.m in Sources */,
				81D09CEE1D5C9FCD00DF959D /* ObserverPattern.m in Sources */,
				81D09CD61D5C9F8500DF959D /* main.m in Sources */,
				81D09CFA1D5CC1C700DF959D /* RandomGenerator.m in Sources */,
			);
			runOnlyForDeploymentPostprocessing = 0;
		};
/* End PBXSourcesBuildPhase section */

/* Begin PBXVariantGroup section */
		81D09CDD1D5C9F8500DF959D /* Main.storyboard */ = {
			isa = PBXVariantGroup;
			children = (
				81D09CDE1D5C9F8500DF959D /* Base */,
			);
			name = Main.storyboard;
			sourceTree = "<group>";
		};
		81D09CE21D5C9F8500DF959D /* LaunchScreen.storyboard */ = {
			isa = PBXVariantGroup;
			children = (
				81D09CE31D5C9F8500DF959D /* Base */,
			);
			name = LaunchScreen.storyboard;
			sourceTree = "<group>";
		};
/* End PBXVariantGroup section */

/* Begin XCBuildConfiguration section */
		81D09CE61D5C9F8500DF959D /* Debug */ = {
			isa = XCBuildConfiguration;
			buildSettings = {
				ALWAYS_SEARCH_USER_PATHS = NO;
				CLANG_ANALYZER_NONNULL = YES;
				CLANG_CXX_LANGUAGE_STANDARD = "gnu++0x";
				CLANG_CXX_LIBRARY = "libc++";
				CLANG_ENABLE_MODULES = YES;
				CLANG_ENABLE_OBJC_ARC = YES;
				CLANG_WARN_BOOL_CONVERSION = YES;
				CLANG_WARN_CONSTANT_CONVERSION = YES;
				CLANG_WARN_DIRECT_OBJC_ISA_USAGE = YES_ERROR;
				CLANG_WARN_EMPTY_BODY = YES;
				CLANG_WARN_ENUM_CONVERSION = YES;
				CLANG_WARN_INT_CONVERSION = YES;
				CLANG_WARN_OBJC_ROOT_CLASS = YES_ERROR;
				CLANG_WARN_UNREACHABLE_CODE = YES;
				CLANG_WARN__DUPLICATE_METHOD_MATCH = YES;
				"CODE_SIGN_IDENTITY[sdk=iphoneos*]" = "iPhone Developer";
				COPY_PHASE_STRIP = NO;
				DEBUG_INFORMATION_FORMAT = dwarf;
				ENABLE_STRICT_OBJC_MSGSEND = YES;
				ENABLE_TESTABILITY = YES;
				GCC_C_LANGUAGE_STANDARD = gnu99;
				GCC_DYNAMIC_NO_PIC = NO;
				GCC_NO_COMMON_BLOCKS = YES;
				GCC_OPTIMIZATION_LEVEL = 0;
				GCC_PREPROCESSOR_DEFINITIONS = (
					"DEBUG=1",
					"$(inherited)",
				);
				GCC_WARN_64_TO_32_BIT_CONVERSION = YES;
				GCC_WARN_ABOUT_RETURN_TYPE = YES_ERROR;
				GCC_WARN_UNDECLARED_SELECTOR = YES;
				GCC_WARN_UNINITIALIZED_AUTOS = YES_AGGRESSIVE;
				GCC_WARN_UNUSED_FUNCTION = YES;
				GCC_WARN_UNUSED_VARIABLE = YES;
				IPHONEOS_DEPLOYMENT_TARGET = 9.3;
				MTL_ENABLE_DEBUG_INFO = YES;
				ONLY_ACTIVE_ARCH = YES;
				SDKROOT = iphoneos;
				TARGETED_DEVICE_FAMILY = "1,2";
			};
			name = Debug;
		};
		81D09CE71D5C9F8500DF959D /* Release */ = {
			isa = XCBuildConfiguration;
			buildSettings = {
				ALWAYS_SEARCH_USER_PATHS = NO;
				CLANG_ANALYZER_NONNULL = YES;
				CLANG_CXX_LANGUAGE_STANDARD = "gnu++0x";
				CLANG_CXX_LIBRARY = "libc++";
				CLANG_ENABLE_MODULES = YES;
				CLANG_ENABLE_OBJC_ARC = YES;
				CLANG_WARN_BOOL_CONVERSION = YES;
				CLANG_WARN_CONSTANT_CONVERSION = YES;
				CLANG_WARN_DIRECT_OBJC_ISA_USAGE = YES_ERROR;
				CLANG_WARN_EMPTY_BODY = YES;
				CLANG_WARN_ENUM_CONVERSION = YES;
				CLANG_WARN_INT_CONVERSION = YES;
				CLANG_WARN_OBJC_ROOT_CLASS = YES_ERROR;
				CLANG_WARN_UNREACHABLE_CODE = YES;
				CLANG_WARN__DUPLICATE_METHOD_MATCH = YES;
				"CODE_SIGN_IDENTITY[sdk=iphoneos*]" = "iPhone Developer";
				COPY_PHASE_STRIP = NO;
				DEBUG_INFORMATION_FORMAT = "dwarf-with-dsym";
				ENABLE_NS_ASSERTIONS = NO;
				ENABLE_STRICT_OBJC_MSGSEND = YES;
				GCC_C_LANGUAGE_STANDARD = gnu99;
				GCC_NO_COMMON_BLOCKS = YES;
				GCC_WARN_64_TO_32_BIT_CONVERSION = YES;
				GCC_WARN_ABOUT_RETURN_TYPE = YES_ERROR;
				GCC_WARN_UNDECLARED_SELECTOR = YES;
				GCC_WARN_UNINITIALIZED_AUTOS = YES_AGGRESSIVE;
				GCC_WARN_UNUSED_FUNCTION = YES;
				GCC_WARN_UNUSED_VARIABLE = YES;
				IPHONEOS_DEPLOYMENT_TARGET = 9.3;
				MTL_ENABLE_DEBUG_INFO = NO;
				SDKROOT = iphoneos;
				TARGETED_DEVICE_FAMILY = "1,2";
				VALIDATE_PRODUCT = YES;
			};
			name = Release;
		};
		81D09CE91D5C9F8500DF959D /* Debug */ = {
			isa = XCBuildConfiguration;
			buildSettings = {
				ASSETCATALOG_COMPILER_APPICON_NAME = AppIcon;
				INFOPLIST_FILE = observer_pattern/Info.plist;
				LD_RUNPATH_SEARCH_PATHS = "$(inherited) @executable_path/Frameworks";
				PRODUCT_BUNDLE_IDENTIFIER = "dmitriyarkhipov.observer-pattern";
				PRODUCT_NAME = "$(TARGET_NAME)";
			};
			name = Debug;
		};
		81D09CEA1D5C9F8500DF959D /* Release */ = {
			isa = XCBuildConfiguration;
			buildSettings = {
				ASSETCATALOG_COMPILER_APPICON_NAME = AppIcon;
				INFOPLIST_FILE = observer_pattern/Info.plist;
				LD_RUNPATH_SEARCH_PATHS = "$(inherited) @executable_path/Frameworks";
				PRODUCT_BUNDLE_IDENTIFIER = "dmitriyarkhipov.observer-pattern";
				PRODUCT_NAME = "$(TARGET_NAME)";
			};
			name = Release;
		};
/* End XCBuildConfiguration section */

/* Begin XCConfigurationList section */
		81D09CCC1D5C9F8500DF959D /* Build configuration list for PBXProject "observer_pattern" */ = {
			isa = XCConfigurationList;
			buildConfigurations = (
				81D09CE61D5C9F8500DF959D /* Debug */,
				81D09CE71D5C9F8500DF959D /* Release */,
			);
			defaultConfigurationIsVisible = 0;
			defaultConfigurationName = Release;
		};
		81D09CE81D5C9F8500DF959D /* Build configuration list for PBXNativeTarget "observer_pattern" */ = {
			isa = XCConfigurationList;
			buildConfigurations = (
				81D09CE91D5C9F8500DF959D /* Debug */,
				81D09CEA1D5C9F8500DF959D /* Release */,
			);
			defaultConfigurationIsVisible = 0;
			defaultConfigurationName = Release;
		};
/* End XCConfigurationList section */
	};
	rootObject = 81D09CC91D5C9F8500DF959D /* Project object */;
}
